
Microsoft Visual Studio Solution File, Format Version 12.00
# Visual Studio Version 17
VisualStudioVersion = 17.14.36121.58 d17.14
MinimumVisualStudioVersion = 10.0.40219.1
Project("{FAE04EC0-301F-11D3-BF4B-00C04F79EFBC}") = "Hospital-Appointment.Entities", "Hospital-Appointment.Entities\Hospital-Appointment.Entities.csproj", "{7399ABAD-203E-4BBB-AA00-50A27F505955}"
EndProject
Project("{2150E333-8FDC-42A3-9474-1A3956D46DE8}") = "Backend", "Backend", "{02EA681E-C7D8-13C7-8484-4AC65E1B71E8}"
EndProject
Project("{2150E333-8FDC-42A3-9474-1A3956D46DE8}") = "Frontend", "Frontend", "{2DC0E9A5-3FDA-4525-A347-113CBD573A69}"
EndProject
Global
	GlobalSection(SolutionConfigurationPlatforms) = preSolution
		Debug|Any CPU = Debug|Any CPU
		Release|Any CPU = Release|Any CPU
	EndGlobalSection
	GlobalSection(ProjectConfigurationPlatforms) = postSolution
		{7399ABAD-203E-4BBB-AA00-50A27F505955}.Debug|Any CPU.ActiveCfg = Debug|Any CPU
		{7399ABAD-203E-4BBB-AA00-50A27F505955}.Debug|Any CPU.Build.0 = Debug|Any CPU
		{7399ABAD-203E-4BBB-AA00-50A27F505955}.Release|Any CPU.ActiveCfg = Release|Any CPU
		{7399ABAD-203E-4BBB-AA00-50A27F505955}.Release|Any CPU.Build.0 = Release|Any CPU
	EndGlobalSection
	GlobalSection(SolutionProperties) = preSolution
		HideSolutionNode = FALSE
	EndGlobalSection
	GlobalSection(NestedProjects) = preSolution
		{7399ABAD-203E-4BBB-AA00-50A27F505955} = {02EA681E-C7D8-13C7-8484-4AC65E1B71E8}
	EndGlobalSection
	GlobalSection(ExtensibilityGlobals) = postSolution
		SolutionGuid = {1DC88760-A102-42B2-B614-DC7939E90FF6}
	EndGlobalSection
EndGlobal
